{
    "version": "0.5",
    "requires": [
        "zlib/1.3.1#f52e03ae3d251dec704634230cd806a2%1708593606.497",
        "xxhash/0.8.1#7bf1cd1fe3d31f1fbcc758d93c907e8d%1690040859.549",
        "vulkan-validationlayers/1.3.224.1#9cd669ed657179df6ab38a8ba7aa30b0%1726654750.246",
        "vulkan-headers/1.3.224.0#84576deff1b71bce4b32d788e9f3c3b8%1678552507.921",
        "volk/1.3.224.0#e570fd26523c2205edf10f2a35abbb31%1679319556.261",
        "sqlite3/3.45.0#3a7911478ffd14e7acc694ac113449b6%1707810434.986",
        "spirv-tools/1.3.224.0#7f77f3d8f50f62fee8353f7ab716711d%1682587922.043",
        "spirv-headers/1.3.224.0#1d19c94434cb2355a2c67823fe18c74b%1666643747.078",
        "spirv-cross/1.3.224.0#a6abc63541499089423a8472cfbe2388%1678235914.651",
        "robin-hood-hashing/3.11.5#6287c40b3396bea819b4751ef6bf8737%1679919120.957",
        "redis-plus-plus/1.3.12#12d437b3fca7ad125def897fea047a61%1708183012.44",
        "qt/6.6.2#3e8cade501d4142bc3309679ed206236%1721819852.875",
        "pcre2/10.42#ac2227071f79a062167cf2fee7189d66%1727505892.382",
        "openssl/3.2.0#d52f6cbf28a54701393831929f47dbbd%1712227628.778",
        "opengl/system#4df6fecde4084386beded3ed0e56e4ea%1709801735.507",
        "md4c/0.4.8#9b5da52e0c0b803bb0d1a4b9fdfe10b1%1716567893.063",
        "libpqxx/7.9.0#04c027ec68ed877d22cc69e13543cd0b%1708290877.954",
        "libpq/15.4#a3354d556287c3d091c9f4d578b66ec8%1722260494.441",
        "libpng/1.6.42#df487b07ca898d97bf3fad8988639c67%1726517436.077",
        "libiconv/1.17#73fefc1b696e069df90fd1d18aa63edd%1707122814.387",
        "libgettext/0.22#35d2811b2dd27a98f69e4daa86ca2000%1714393058.647",
        "libffi/3.4.4#72cccac6139293b6e97ec9cd676547ff%1712271679.608",
        "hiredis/1.2.0#a6e103e437ab9c1ff8d2bd34d0d2604d%1707834165.871",
        "harfbuzz/8.3.0#c83405ed297bad6c9e9587e2a19c686a%1713342401.259",
        "gtest/1.14.0#25e2a474b4d1aecf5ff4f0555dcdf72c%1715096213.863",
        "glslang/1.3.224.0#2b09fe001e9ce4ec230504386f0862d7%1676765246.633",
        "glib/2.78.3#0d214f34a22088571a43892d3fd41093%1721997887.511",
        "freetype/2.13.2#5d2563803c8558d4ef47271a82c73d20%1728736671.752",
        "double-conversion/3.3.0#33321c201741cc32b51169c6d2d05e60%1684478632.238",
        "diligent-core/api.252009#88cf924aeaa270e277383d0e88661513%1712087311.402",
        "bzip2/1.0.8#d00dac990f08d991998d624be81a9526%1724661266.998",
        "brotli/1.1.0#d56d7bb9ca722942aba17369cb5c0519%1696161049.808",
        "asio/1.30.2#e85190b743d25c5434f28475421e2d9b%1713370529.058"
    ],
    "build_requires": [
        "zlib/1.3.1#f52e03ae3d251dec704634230cd806a2%1708593606.497",
        "strawberryperl/5.32.1.1#707032463aa0620fa17ec0d887f5fe41%1716912583.131",
        "pkgconf/2.1.0#27f44583701117b571307cf5b5fe5605%1701537936.436",
        "pkgconf/2.0.3#f996677e96e61e6552d85e83756c328b%1696606182.229",
        "pcre2/10.42#ac2227071f79a062167cf2fee7189d66%1727505892.382",
        "ninja/1.12.1#fd583651bf0c6a901943495d49878803%1724079877.609",
        "ninja/1.11.1#184939c044ea197cc4d0c37714f0f13b%1724079881.588",
        "nasm/2.15.05#058c93b2214a49ca1cfe9f8f26205568%1703550024.076",
        "msys2/cci.latest#f6bb451a181a3f452024ea43ca744061%1720711212.775",
        "meson/1.4.0#2262941cc8fbb0099dd0c196ca2a6c01%1726730116.631",
        "meson/1.3.2#26ce8a76a36cc275cdfee1d757bc6561%1726730118.251",
        "meson/1.2.2#21b73818ba96d9eea465b310b5bbc993%1726730120.212",
        "m4/1.4.19#b38ced39a01e31fef5435bc634461fd2%1700758725.451",
        "libiconv/1.17#73fefc1b696e069df90fd1d18aa63edd%1707122814.387",
        "libgettext/0.22#35d2811b2dd27a98f69e4daa86ca2000%1714393058.647",
        "libffi/3.4.4#72cccac6139293b6e97ec9cd676547ff%1712271679.608",
        "glib/2.78.3#0d214f34a22088571a43892d3fd41093%1721997887.511",
        "cmake/3.28.1#92f79424d7b65b12a84a2180866c3a78%1703679314.116",
        "bzip2/1.0.8#d00dac990f08d991998d624be81a9526%1724661266.998",
        "automake/1.16.5#058bda3e21c36c9aa8425daf3c1faf50%1688481772.751",
        "autoconf/2.71#f9307992909d7fb3df459340f1932809%1711983104.648"
    ],
    "python_requires": []
}